
Microsoft Visual Studio Solution File, Format Version 12.00
# Visual Studio Version 16
VisualStudioVersion = 16.0.34407.143
MinimumVisualStudioVersion = 10.0.40219.1
Project("{FAE04EC0-301F-11D3-BF4B-00C04F79EFBC}") = "GreaterThanAndLessThanOperatorsChallenge", "GreaterThanAndLessThanOperatorsChallenge\GreaterThanAndLessThanOperatorsChallenge.csproj", "{1826ECEC-360B-4DB8-A3D2-FD56B5934924}"
EndProject
Global
	GlobalSection(SolutionConfigurationPlatforms) = preSolution
		Debug|Any CPU = Debug|Any CPU
		Release|Any CPU = Release|Any CPU
	EndGlobalSection
	GlobalSection(ProjectConfigurationPlatforms) = postSolution
		{1826ECEC-360B-4DB8-A3D2-FD56B5934924}.Debug|Any CPU.ActiveCfg = Debug|Any CPU
		{1826ECEC-360B-4DB8-A3D2-FD56B5934924}.Debug|Any CPU.Build.0 = Debug|Any CPU
		{1826ECEC-360B-4DB8-A3D2-FD56B5934924}.Release|Any CPU.ActiveCfg = Release|Any CPU
		{1826ECEC-360B-4DB8-A3D2-FD56B5934924}.Release|Any CPU.Build.0 = Release|Any CPU
	EndGlobalSection
	GlobalSection(SolutionProperties) = preSolution
		HideSolutionNode = FALSE
	EndGlobalSection
	GlobalSection(ExtensibilityGlobals) = postSolution
		SolutionGuid = {0A5EAEA1-0FBB-49DF-8776-C4A5B5B58233}
	EndGlobalSection
EndGlobal
